<?xml version="1.0" encoding="utf-8"?>
<Project ToolsVersion="4.0" xmlns="http://schemas.microsoft.com/developer/msbuild/2003">
  <ItemGroup>
    <ClInclude Include="combinatorial.h">
      <Filter>Header Files</Filter>
    </ClInclude>
    <ClInclude Include="distribution.h">
      <Filter>Header Files</Filter>
    </ClInclude>
    <ClInclude Include="instrument.h">
      <Filter>Header Files</Filter>
    </ClInclude>
    <ClInclude Include="model.h">
      <Filter>Header Files</Filter>
    </ClInclude>
    <ClInclude Include="polynomial.h">
      <Filter>Header Files</Filter>
    </ClInclude>
    <ClInclude Include="fmsgjr.h">
      <Filter>Header Files</Filter>
    </ClInclude>
    <ClInclude Include="cumulant.h">
      <Filter>Header Files</Filter>
    </ClInclude>
    <ClInclude Include="dual.h">
      <Filter>Header Files</Filter>
    </ClInclude>
  </ItemGroup>
  <ItemGroup>
    <Filter Include="Header Files">
      <UniqueIdentifier>{9fc4a171-ae2c-4783-b77c-bc27669119a4}</UniqueIdentifier>
    </Filter>
    <Filter Include="Source Files">
      <UniqueIdentifier>{276fa825-eee4-4d7c-b5b6-f5179d210e3f}</UniqueIdentifier>
    </Filter>
  </ItemGroup>
  <ItemGroup>
    <ClCompile Include="fmsgjr.cpp">
      <Filter>Source Files</Filter>
    </ClCompile>
  </ItemGroup>
</Project>